#
# This file is autogenerated by pip-compile with Python 3.11
# by the following command:
#
#    pip-compile --output-file=requirements.txt.lock requirements.txt
#
aiohttp==3.9.1
    # via
    #   -r requirements.txt
    #   black
aiokafka==0.10.0
    # via -r requirements.txt
aiosignal==1.4.0
    # via aiohttp
alembic==1.12.1
    # via -r requirements.txt
annotated-types==0.7.0
    # via pydantic
anyio==3.7.1
    # via
    #   fastapi
    #   httpx
    #   starlette
    #   watchfiles
asgiref==3.10.0
    # via opentelemetry-instrumentation-asgi
async-timeout==5.0.1
    # via
    #   aiokafka
    #   asyncpg
asyncpg==0.29.0
    # via -r requirements.txt
attrs==25.4.0
    # via
    #   aiohttp
    #   cattrs
    #   requests-cache
bcrypt==5.0.0
    # via passlib
beautifulsoup4==4.12.2
    # via -r requirements.txt
black==23.12.0
    # via -r requirements.txt
blis==0.7.11
    # via thinc
cachetools==5.3.2
    # via
    #   -r requirements.txt
    #   google-auth
catalogue==2.0.10
    # via
    #   spacy
    #   srsly
    #   thinc
cattrs==25.2.0
    # via requests-cache
certifi==2025.10.5
    # via
    #   httpcore
    #   httpx
    #   requests
cffi==2.0.0
    # via cryptography
cfgv==3.4.0
    # via pre-commit
charset-normalizer==3.4.3
    # via requests
click==8.3.0
    # via
    #   black
    #   nltk
    #   typer
    #   uvicorn
cloudpathlib==0.16.0
    # via weasel
confection==0.1.5
    # via
    #   thinc
    #   weasel
coverage[toml]==7.10.7
    # via pytest-cov
cryptography==41.0.7
    # via
    #   -r requirements.txt
    #   python-jose
cymem==2.0.11
    # via
    #   preshed
    #   spacy
    #   thinc
datasketch==1.6.4
    # via -r requirements.txt
deprecated==1.2.18
    # via opentelemetry-api
distlib==0.4.0
    # via virtualenv
ecdsa==0.19.1
    # via python-jose
faker==20.1.0
    # via -r requirements.txt
fastapi==0.104.1
    # via -r requirements.txt
filelock==3.19.1
    # via
    #   huggingface-hub
    #   torch
    #   transformers
    #   triton
    #   virtualenv
frozenlist==1.8.0
    # via
    #   aiohttp
    #   aiosignal
fsspec==2025.9.0
    # via
    #   huggingface-hub
    #   torch
google-api-core==2.25.2
    # via google-api-python-client
google-api-python-client==2.108.0
    # via -r requirements.txt
google-auth==2.41.1
    # via
    #   google-api-core
    #   google-api-python-client
    #   google-auth-httplib2
google-auth-httplib2==0.2.0
    # via google-api-python-client
googleapis-common-protos==1.70.0
    # via google-api-core
greenlet==3.2.4
    # via sqlalchemy
h11==0.16.0
    # via
    #   httpcore
    #   uvicorn
h2==4.3.0
    # via httpx
hf-xet==1.1.10
    # via huggingface-hub
hiredis==2.2.3
    # via
    #   -r requirements.txt
    #   redis
hpack==4.1.0
    # via h2
httpcore==1.0.9
    # via httpx
httplib2==0.31.0
    # via
    #   google-api-python-client
    #   google-auth-httplib2
httptools==0.6.4
    # via uvicorn
httpx[http2]==0.25.2
    # via -r requirements.txt
huggingface-hub==0.35.3
    # via
    #   sentence-transformers
    #   tokenizers
    #   transformers
hyperframe==6.1.0
    # via h2
identify==2.6.15
    # via pre-commit
idna==3.10
    # via
    #   anyio
    #   httpx
    #   requests
    #   url-normalize
    #   yarl
importlib-metadata==6.11.0
    # via opentelemetry-api
iniconfig==2.1.0
    # via pytest
isodate==0.6.1
    # via rdflib
isort==5.13.2
    # via -r requirements.txt
jinja2==3.1.6
    # via
    #   spacy
    #   torch
joblib==1.5.2
    # via
    #   nltk
    #   scikit-learn
kafka-python==2.0.2
    # via -r requirements.txt
langcodes==3.5.0
    # via spacy
language-data==1.3.0
    # via langcodes
loguru==0.7.2
    # via -r requirements.txt
lxml==4.9.4
    # via
    #   -r requirements.txt
    #   python-docx
mako==1.3.10
    # via alembic
marisa-trie==1.3.1
    # via language-data
markupsafe==3.0.3
    # via
    #   jinja2
    #   mako
mpmath==1.3.0
    # via sympy
msgpack==1.0.7
    # via -r requirements.txt
multidict==6.7.0
    # via
    #   aiohttp
    #   yarl
murmurhash==1.0.13
    # via
    #   preshed
    #   spacy
    #   thinc
mypy==1.7.1
    # via -r requirements.txt
mypy-extensions==1.1.0
    # via
    #   black
    #   mypy
networkx==3.5
    # via torch
nltk==3.9.2
    # via sentence-transformers
nodeenv==1.9.1
    # via pre-commit
numpy==1.26.2
    # via
    #   -r requirements.txt
    #   blis
    #   datasketch
    #   scikit-learn
    #   scipy
    #   sentence-transformers
    #   spacy
    #   thinc
    #   torchvision
    #   transformers
nvidia-cublas-cu12==12.1.3.1
    # via
    #   nvidia-cudnn-cu12
    #   nvidia-cusolver-cu12
    #   torch
nvidia-cuda-cupti-cu12==12.1.105
    # via torch
nvidia-cuda-nvrtc-cu12==12.1.105
    # via torch
nvidia-cuda-runtime-cu12==12.1.105
    # via torch
nvidia-cudnn-cu12==8.9.2.26
    # via torch
nvidia-cufft-cu12==11.0.2.54
    # via torch
nvidia-curand-cu12==10.3.2.106
    # via torch
nvidia-cusolver-cu12==11.4.5.107
    # via torch
nvidia-cusparse-cu12==12.1.0.106
    # via
    #   nvidia-cusolver-cu12
    #   torch
nvidia-nccl-cu12==2.18.1
    # via torch
nvidia-nvjitlink-cu12==12.9.86
    # via
    #   nvidia-cusolver-cu12
    #   nvidia-cusparse-cu12
nvidia-nvtx-cu12==12.1.105
    # via torch
opentelemetry-api==1.21.0
    # via
    #   -r requirements.txt
    #   opentelemetry-instrumentation
    #   opentelemetry-instrumentation-asgi
    #   opentelemetry-instrumentation-fastapi
    #   opentelemetry-sdk
opentelemetry-instrumentation==0.42b0
    # via
    #   opentelemetry-instrumentation-asgi
    #   opentelemetry-instrumentation-fastapi
opentelemetry-instrumentation-asgi==0.42b0
    # via opentelemetry-instrumentation-fastapi
opentelemetry-instrumentation-fastapi==0.42b0
    # via -r requirements.txt
opentelemetry-sdk==1.21.0
    # via -r requirements.txt
opentelemetry-semantic-conventions==0.42b0
    # via
    #   opentelemetry-instrumentation-asgi
    #   opentelemetry-instrumentation-fastapi
    #   opentelemetry-sdk
opentelemetry-util-http==0.42b0
    # via
    #   opentelemetry-instrumentation-asgi
    #   opentelemetry-instrumentation-fastapi
orjson==3.9.10
    # via -r requirements.txt
packaging==25.0
    # via
    #   aiokafka
    #   black
    #   huggingface-hub
    #   pytest
    #   spacy
    #   thinc
    #   transformers
    #   weasel
passlib[bcrypt]==1.7.4
    # via -r requirements.txt
pathspec==0.12.1
    # via black
pillow==11.3.0
    # via torchvision
platformdirs==4.4.0
    # via
    #   black
    #   requests-cache
    #   virtualenv
pluggy==1.6.0
    # via pytest
pre-commit==3.6.0
    # via -r requirements.txt
preshed==3.0.10
    # via
    #   spacy
    #   thinc
prometheus-client==0.19.0
    # via -r requirements.txt
propcache==0.4.0
    # via yarl
proto-plus==1.26.1
    # via google-api-core
protobuf==6.32.1
    # via
    #   google-api-core
    #   googleapis-common-protos
    #   proto-plus
psycopg2-binary==2.9.9
    # via -r requirements.txt
pyasn1==0.6.1
    # via
    #   pyasn1-modules
    #   python-jose
    #   rsa
pyasn1-modules==0.4.2
    # via google-auth
pycparser==2.23
    # via cffi
pydantic==2.5.0
    # via
    #   -r requirements.txt
    #   confection
    #   fastapi
    #   pydantic-settings
    #   spacy
    #   thinc
    #   weasel
pydantic-core==2.14.1
    # via pydantic
pydantic-settings==2.1.0
    # via -r requirements.txt
pyparsing==3.2.5
    # via
    #   httplib2
    #   rdflib
pypdf2==3.0.1
    # via -r requirements.txt
pytest==7.4.3
    # via
    #   -r requirements.txt
    #   pytest-asyncio
    #   pytest-cov
    #   pytest-mock
pytest-asyncio==0.21.1
    # via -r requirements.txt
pytest-cov==4.1.0
    # via -r requirements.txt
pytest-mock==3.12.0
    # via -r requirements.txt
python-dateutil==2.8.2
    # via
    #   -r requirements.txt
    #   faker
python-docx==1.1.0
    # via -r requirements.txt
python-dotenv==1.0.0
    # via
    #   -r requirements.txt
    #   pydantic-settings
    #   uvicorn
python-jose[cryptography]==3.3.0
    # via -r requirements.txt
python-json-logger==2.0.7
    # via -r requirements.txt
python-multipart==0.0.6
    # via -r requirements.txt
python-slugify==8.0.1
    # via -r requirements.txt
pyyaml==6.0.1
    # via
    #   -r requirements.txt
    #   huggingface-hub
    #   pre-commit
    #   transformers
    #   uvicorn
rdflib==7.0.0
    # via
    #   -r requirements.txt
    #   sparqlwrapper
redis[hiredis]==5.0.1
    # via -r requirements.txt
regex==2025.9.18
    # via
    #   nltk
    #   transformers
requests==2.31.0
    # via
    #   -r requirements.txt
    #   google-api-core
    #   huggingface-hub
    #   requests-cache
    #   spacy
    #   torchvision
    #   transformers
    #   weasel
requests-cache==1.1.1
    # via -r requirements.txt
rsa==4.9.1
    # via
    #   google-auth
    #   python-jose
ruff==0.1.8
    # via -r requirements.txt
safetensors==0.6.2
    # via transformers
scikit-learn==1.3.2
    # via
    #   -r requirements.txt
    #   sentence-transformers
scipy==1.11.4
    # via
    #   -r requirements.txt
    #   datasketch
    #   scikit-learn
    #   sentence-transformers
sentence-transformers==2.2.2
    # via -r requirements.txt
sentencepiece==0.2.1
    # via sentence-transformers
six==1.17.0
    # via
    #   ecdsa
    #   isodate
    #   python-dateutil
smart-open==6.4.0
    # via
    #   spacy
    #   weasel
sniffio==1.3.1
    # via
    #   anyio
    #   httpx
soupsieve==2.8
    # via beautifulsoup4
spacy==3.7.2
    # via -r requirements.txt
spacy-legacy==3.0.12
    # via spacy
spacy-loggers==1.0.5
    # via spacy
sparqlwrapper==2.0.0
    # via -r requirements.txt
sqlalchemy[asyncio]==2.0.23
    # via
    #   -r requirements.txt
    #   alembic
srsly==2.5.1
    # via
    #   confection
    #   spacy
    #   thinc
    #   weasel
starlette==0.27.0
    # via fastapi
sympy==1.14.0
    # via torch
tenacity==8.2.3
    # via -r requirements.txt
text-unidecode==1.3
    # via python-slugify
thinc==8.2.5
    # via spacy
threadpoolctl==3.6.0
    # via scikit-learn
tokenizers==0.15.0
    # via
    #   -r requirements.txt
    #   transformers
torch==2.1.1
    # via
    #   -r requirements.txt
    #   sentence-transformers
    #   torchvision
torchvision==0.16.1
    # via sentence-transformers
tqdm==4.67.1
    # via
    #   huggingface-hub
    #   nltk
    #   sentence-transformers
    #   spacy
    #   transformers
transformers==4.36.0
    # via
    #   -r requirements.txt
    #   sentence-transformers
triton==2.1.0
    # via torch
typer==0.9.4
    # via
    #   spacy
    #   weasel
typing-extensions==4.15.0
    # via
    #   aiosignal
    #   alembic
    #   cattrs
    #   fastapi
    #   huggingface-hub
    #   mypy
    #   opentelemetry-sdk
    #   pydantic
    #   pydantic-core
    #   python-docx
    #   sqlalchemy
    #   torch
    #   typer
uritemplate==4.2.0
    # via google-api-python-client
url-normalize==2.2.1
    # via requests-cache
urllib3==2.5.0
    # via
    #   requests
    #   requests-cache
uvicorn[standard]==0.24.0
    # via -r requirements.txt
uvloop==0.21.0
    # via uvicorn
virtualenv==20.34.0
    # via pre-commit
wasabi==1.1.3
    # via
    #   spacy
    #   thinc
    #   weasel
watchfiles==1.1.0
    # via uvicorn
weasel==0.3.4
    # via spacy
websockets==15.0.1
    # via uvicorn
wrapt==1.17.3
    # via
    #   deprecated
    #   opentelemetry-instrumentation
yarl==1.22.0
    # via aiohttp
zipp==3.23.0
    # via importlib-metadata

# The following packages are considered to be unsafe in a requirements file:
# setuptools
