#
# This file is autogenerated by pip-compile with Python 3.11
# by the following command:
#
#    pip-compile --output-file=requirements.txt.lock requirements.txt
#
aiofiles==23.2.1
    # via -r requirements.txt
aiohappyeyeballs==2.6.1
    # via aiohttp
aiohttp==3.13.0
    # via black
aioredis==2.0.1
    # via -r requirements.txt
aiosignal==1.4.0
    # via aiohttp
alembic==1.13.0
    # via -r requirements.txt
annotated-types==0.7.0
    # via pydantic
anyio==3.7.1
    # via
    #   fastapi
    #   httpx
    #   starlette
    #   watchfiles
async-timeout==5.0.1
    # via
    #   aioredis
    #   asyncpg
asyncio==3.4.3
    # via -r requirements.txt
asyncpg==0.29.0
    # via -r requirements.txt
attrs==25.4.0
    # via aiohttp
black==23.12.0
    # via -r requirements.txt
certifi==2025.10.5
    # via
    #   httpcore
    #   httpx
cffi==2.0.0
    # via cryptography
click==8.3.0
    # via
    #   black
    #   uvicorn
coverage[toml]==7.10.7
    # via pytest-cov
cryptography==41.0.7
    # via -r requirements.txt
fastapi==0.104.1
    # via -r requirements.txt
frozenlist==1.8.0
    # via
    #   aiohttp
    #   aiosignal
greenlet==3.2.4
    # via sqlalchemy
h11==0.16.0
    # via
    #   httpcore
    #   uvicorn
httpcore==1.0.9
    # via httpx
httptools==0.6.4
    # via uvicorn
httpx==0.25.2
    # via -r requirements.txt
idna==3.10
    # via
    #   anyio
    #   httpx
    #   yarl
iniconfig==2.1.0
    # via pytest
mako==1.3.10
    # via alembic
markupsafe==3.0.3
    # via mako
multidict==6.7.0
    # via
    #   aiohttp
    #   yarl
mypy==1.7.1
    # via -r requirements.txt
mypy-extensions==1.1.0
    # via
    #   black
    #   mypy
numpy==1.26.2
    # via
    #   -r requirements.txt
    #   scipy
packaging==25.0
    # via
    #   black
    #   pytest
pathspec==0.12.1
    # via black
platformdirs==4.4.0
    # via black
pluggy==1.6.0
    # via pytest
prometheus-client==0.19.0
    # via -r requirements.txt
propcache==0.4.0
    # via
    #   aiohttp
    #   yarl
pycparser==2.23
    # via cffi
pydantic==2.5.0
    # via
    #   -r requirements.txt
    #   fastapi
    #   pydantic-settings
pydantic-core==2.14.1
    # via pydantic
pydantic-settings==2.1.0
    # via -r requirements.txt
pytest==7.4.3
    # via
    #   -r requirements.txt
    #   pytest-asyncio
    #   pytest-cov
pytest-asyncio==0.21.1
    # via -r requirements.txt
pytest-cov==4.1.0
    # via -r requirements.txt
python-dotenv==1.0.0
    # via
    #   -r requirements.txt
    #   pydantic-settings
    #   uvicorn
python-json-logger==2.0.7
    # via -r requirements.txt
pyyaml==6.0.3
    # via uvicorn
redis==5.0.1
    # via -r requirements.txt
ruff==0.1.8
    # via -r requirements.txt
scipy==1.11.4
    # via -r requirements.txt
sniffio==1.3.1
    # via
    #   anyio
    #   httpx
sqlalchemy==2.0.23
    # via
    #   -r requirements.txt
    #   alembic
starlette==0.27.0
    # via fastapi
typing-extensions==4.15.0
    # via
    #   aioredis
    #   aiosignal
    #   alembic
    #   fastapi
    #   mypy
    #   pydantic
    #   pydantic-core
    #   sqlalchemy
uvicorn[standard]==0.24.0
    # via -r requirements.txt
uvloop==0.21.0
    # via uvicorn
watchfiles==1.1.0
    # via uvicorn
websockets==15.0.1
    # via uvicorn
yarl==1.22.0
    # via aiohttp
